// !$*UTF8*$!
{
	archiveVersion = 1;
	classes = {
	};
	objectVersion = 46;
	objects = {

/* Begin PBXBuildFile section */
		3220AB9F1E5477D400393393 /* ObjectInfoViewModel.m in Sources */ = {isa = PBXBuildFile; fileRef = 3220AB9E1E5477D400393393 /* ObjectInfoViewModel.m */; };
		3233F9401E47D4EE0039019B /* ManagedObject.m in Sources */ = {isa = PBXBuildFile; fileRef = 3233F9311E47D4EE0039019B /* ManagedObject.m */; };
		3233F9411E47D4EE0039019B /* NonameService.m in Sources */ = {isa = PBXBuildFile; fileRef = 3233F9351E47D4EE0039019B /* NonameService.m */; };
		3233F9421E47D4EE0039019B /* ObjectViewModel.m in Sources */ = {isa = PBXBuildFile; fileRef = 3233F9391E47D4EE0039019B /* ObjectViewModel.m */; };
		3233F9431E47D4EE0039019B /* ObjectTableViewCell.m in Sources */ = {isa = PBXBuildFile; fileRef = 3233F93E1E47D4EE0039019B /* ObjectTableViewCell.m */; };
		3233F9441E47D4EE0039019B /* ObjectTableViewCell.xib in Resources */ = {isa = PBXBuildFile; fileRef = 3233F93F1E47D4EE0039019B /* ObjectTableViewCell.xib */; };
		3233F94C1E47D5580039019B /* ManagedObjectStorage.m in Sources */ = {isa = PBXBuildFile; fileRef = 3233F94B1E47D5580039019B /* ManagedObjectStorage.m */; };
		32A21A341E47969100DCDABA /* main.m in Sources */ = {isa = PBXBuildFile; fileRef = 32A21A331E47969100DCDABA /* main.m */; };
		32A21A371E47969100DCDABA /* AppDelegate.m in Sources */ = {isa = PBXBuildFile; fileRef = 32A21A361E47969100DCDABA /* AppDelegate.m */; };
		32A21A3F1E47969100DCDABA /* Assets.xcassets in Resources */ = {isa = PBXBuildFile; fileRef = 32A21A3E1E47969100DCDABA /* Assets.xcassets */; };
		32A21A421E47969100DCDABA /* LaunchScreen.storyboard in Resources */ = {isa = PBXBuildFile; fileRef = 32A21A401E47969100DCDABA /* LaunchScreen.storyboard */; };
		32A21A561E4797AF00DCDABA /* MainController.m in Sources */ = {isa = PBXBuildFile; fileRef = 32A21A541E4797AF00DCDABA /* MainController.m */; };
		32A21A571E4797AF00DCDABA /* MainController.xib in Resources */ = {isa = PBXBuildFile; fileRef = 32A21A551E4797AF00DCDABA /* MainController.xib */; };
		32A21A641E4799F400DCDABA /* MainPresenter.m in Sources */ = {isa = PBXBuildFile; fileRef = 32A21A631E4799F400DCDABA /* MainPresenter.m */; };
		32A21A671E479A0500DCDABA /* MainInteractor.m in Sources */ = {isa = PBXBuildFile; fileRef = 32A21A661E479A0500DCDABA /* MainInteractor.m */; };
		32A21A6A1E479A1600DCDABA /* MainRouter.m in Sources */ = {isa = PBXBuildFile; fileRef = 32A21A691E479A1600DCDABA /* MainRouter.m */; };
		32AD2B541E525B6F0031CC54 /* ObjectController.m in Sources */ = {isa = PBXBuildFile; fileRef = 32AD2B521E525B6F0031CC54 /* ObjectController.m */; };
		32AD2B551E525B6F0031CC54 /* ObjectController.xib in Resources */ = {isa = PBXBuildFile; fileRef = 32AD2B531E525B6F0031CC54 /* ObjectController.xib */; };
		32AD2B611E525C420031CC54 /* ObjectPresenter.m in Sources */ = {isa = PBXBuildFile; fileRef = 32AD2B601E525C420031CC54 /* ObjectPresenter.m */; };
		32AD2B641E525C590031CC54 /* ObjectInteractor.m in Sources */ = {isa = PBXBuildFile; fileRef = 32AD2B631E525C590031CC54 /* ObjectInteractor.m */; };
		759EABCD1E57004F00D3EE9F /* MainAssembly.m in Sources */ = {isa = PBXBuildFile; fileRef = 759EABCC1E57004F00D3EE9F /* MainAssembly.m */; };
		759EABD01E5700CC00D3EE9F /* ObjectAssembly.m in Sources */ = {isa = PBXBuildFile; fileRef = 759EABCF1E5700CC00D3EE9F /* ObjectAssembly.m */; };
		F810EC3C014E7AC885AFD442 /* libPods-TEST_VIPER.a in Frameworks */ = {isa = PBXBuildFile; fileRef = E3E4AE111E2F92210B8C0073 /* libPods-TEST_VIPER.a */; };
/* End PBXBuildFile section */

/* Begin PBXFileReference section */
		1FC4A0F22B9E674F8A256F52 /* Pods-TEST_VIPER.release.xcconfig */ = {isa = PBXFileReference; includeInIndex = 1; lastKnownFileType = text.xcconfig; name = "Pods-TEST_VIPER.release.xcconfig"; path = "Pods/Target Support Files/Pods-TEST_VIPER/Pods-TEST_VIPER.release.xcconfig"; sourceTree = "<group>"; };
		3220AB9D1E5477D400393393 /* ObjectInfoViewModel.h */ = {isa = PBXFileReference; fileEncoding = 4; lastKnownFileType = sourcecode.c.h; name = ObjectInfoViewModel.h; path = ObjectInfoViewModel/ObjectInfoViewModel.h; sourceTree = "<group>"; };
		3220AB9E1E5477D400393393 /* ObjectInfoViewModel.m */ = {isa = PBXFileReference; fileEncoding = 4; lastKnownFileType = sourcecode.c.objc; name = ObjectInfoViewModel.m; path = ObjectInfoViewModel/ObjectInfoViewModel.m; sourceTree = "<group>"; };
		3233F9301E47D4EE0039019B /* ManagedObject.h */ = {isa = PBXFileReference; fileEncoding = 4; lastKnownFileType = sourcecode.c.h; path = ManagedObject.h; sourceTree = "<group>"; };
		3233F9311E47D4EE0039019B /* ManagedObject.m */ = {isa = PBXFileReference; fileEncoding = 4; lastKnownFileType = sourcecode.c.objc; path = ManagedObject.m; sourceTree = "<group>"; };
		3233F9341E47D4EE0039019B /* NonameService.h */ = {isa = PBXFileReference; fileEncoding = 4; lastKnownFileType = sourcecode.c.h; path = NonameService.h; sourceTree = "<group>"; };
		3233F9351E47D4EE0039019B /* NonameService.m */ = {isa = PBXFileReference; fileEncoding = 4; lastKnownFileType = sourcecode.c.objc; path = NonameService.m; sourceTree = "<group>"; };
		3233F9381E47D4EE0039019B /* ObjectViewModel.h */ = {isa = PBXFileReference; fileEncoding = 4; lastKnownFileType = sourcecode.c.h; path = ObjectViewModel.h; sourceTree = "<group>"; };
		3233F9391E47D4EE0039019B /* ObjectViewModel.m */ = {isa = PBXFileReference; fileEncoding = 4; lastKnownFileType = sourcecode.c.objc; path = ObjectViewModel.m; sourceTree = "<group>"; };
		3233F93D1E47D4EE0039019B /* ObjectTableViewCell.h */ = {isa = PBXFileReference; fileEncoding = 4; lastKnownFileType = sourcecode.c.h; path = ObjectTableViewCell.h; sourceTree = "<group>"; };
		3233F93E1E47D4EE0039019B /* ObjectTableViewCell.m */ = {isa = PBXFileReference; fileEncoding = 4; lastKnownFileType = sourcecode.c.objc; path = ObjectTableViewCell.m; sourceTree = "<group>"; };
		3233F93F1E47D4EE0039019B /* ObjectTableViewCell.xib */ = {isa = PBXFileReference; fileEncoding = 4; lastKnownFileType = file.xib; path = ObjectTableViewCell.xib; sourceTree = "<group>"; };
		3233F94A1E47D5580039019B /* ManagedObjectStorage.h */ = {isa = PBXFileReference; fileEncoding = 4; lastKnownFileType = sourcecode.c.h; path = ManagedObjectStorage.h; sourceTree = "<group>"; };
		3233F94B1E47D5580039019B /* ManagedObjectStorage.m */ = {isa = PBXFileReference; fileEncoding = 4; lastKnownFileType = sourcecode.c.objc; path = ManagedObjectStorage.m; sourceTree = "<group>"; };
		32A21A2F1E47969100DCDABA /* TEST_VIPER.app */ = {isa = PBXFileReference; explicitFileType = wrapper.application; includeInIndex = 0; path = TEST_VIPER.app; sourceTree = BUILT_PRODUCTS_DIR; };
		32A21A331E47969100DCDABA /* main.m */ = {isa = PBXFileReference; lastKnownFileType = sourcecode.c.objc; path = main.m; sourceTree = "<group>"; };
		32A21A351E47969100DCDABA /* AppDelegate.h */ = {isa = PBXFileReference; lastKnownFileType = sourcecode.c.h; path = AppDelegate.h; sourceTree = "<group>"; };
		32A21A361E47969100DCDABA /* AppDelegate.m */ = {isa = PBXFileReference; lastKnownFileType = sourcecode.c.objc; path = AppDelegate.m; sourceTree = "<group>"; };
		32A21A3E1E47969100DCDABA /* Assets.xcassets */ = {isa = PBXFileReference; lastKnownFileType = folder.assetcatalog; path = Assets.xcassets; sourceTree = "<group>"; };
		32A21A411E47969100DCDABA /* Base */ = {isa = PBXFileReference; lastKnownFileType = file.storyboard; name = Base; path = Base.lproj/LaunchScreen.storyboard; sourceTree = "<group>"; };
		32A21A431E47969100DCDABA /* Info.plist */ = {isa = PBXFileReference; lastKnownFileType = text.plist.xml; path = Info.plist; sourceTree = "<group>"; };
		32A21A531E4797AF00DCDABA /* MainController.h */ = {isa = PBXFileReference; fileEncoding = 4; lastKnownFileType = sourcecode.c.h; path = MainController.h; sourceTree = "<group>"; };
		32A21A541E4797AF00DCDABA /* MainController.m */ = {isa = PBXFileReference; fileEncoding = 4; lastKnownFileType = sourcecode.c.objc; path = MainController.m; sourceTree = "<group>"; };
		32A21A551E4797AF00DCDABA /* MainController.xib */ = {isa = PBXFileReference; fileEncoding = 4; lastKnownFileType = file.xib; path = MainController.xib; sourceTree = "<group>"; };
		32A21A5D1E47995F00DCDABA /* MainControllerInputProtocol.h */ = {isa = PBXFileReference; fileEncoding = 4; lastKnownFileType = sourcecode.c.h; path = MainControllerInputProtocol.h; sourceTree = "<group>"; };
		32A21A5E1E47997B00DCDABA /* MainControllerOutputProtocol.h */ = {isa = PBXFileReference; fileEncoding = 4; lastKnownFileType = sourcecode.c.h; path = MainControllerOutputProtocol.h; sourceTree = "<group>"; };
		32A21A5F1E47999A00DCDABA /* MainInteractorInputProtocol.h */ = {isa = PBXFileReference; fileEncoding = 4; lastKnownFileType = sourcecode.c.h; path = MainInteractorInputProtocol.h; sourceTree = "<group>"; };
		32A21A601E4799AF00DCDABA /* MainInteractorOutputProtocol.h */ = {isa = PBXFileReference; fileEncoding = 4; lastKnownFileType = sourcecode.c.h; path = MainInteractorOutputProtocol.h; sourceTree = "<group>"; };
		32A21A611E4799C200DCDABA /* MainRouterInputProtocol.h */ = {isa = PBXFileReference; fileEncoding = 4; lastKnownFileType = sourcecode.c.h; path = MainRouterInputProtocol.h; sourceTree = "<group>"; };
		32A21A621E4799F400DCDABA /* MainPresenter.h */ = {isa = PBXFileReference; fileEncoding = 4; lastKnownFileType = sourcecode.c.h; path = MainPresenter.h; sourceTree = "<group>"; };
		32A21A631E4799F400DCDABA /* MainPresenter.m */ = {isa = PBXFileReference; fileEncoding = 4; lastKnownFileType = sourcecode.c.objc; path = MainPresenter.m; sourceTree = "<group>"; };
		32A21A651E479A0500DCDABA /* MainInteractor.h */ = {isa = PBXFileReference; fileEncoding = 4; lastKnownFileType = sourcecode.c.h; path = MainInteractor.h; sourceTree = "<group>"; };
		32A21A661E479A0500DCDABA /* MainInteractor.m */ = {isa = PBXFileReference; fileEncoding = 4; lastKnownFileType = sourcecode.c.objc; path = MainInteractor.m; sourceTree = "<group>"; };
		32A21A681E479A1600DCDABA /* MainRouter.h */ = {isa = PBXFileReference; fileEncoding = 4; lastKnownFileType = sourcecode.c.h; path = MainRouter.h; sourceTree = "<group>"; };
		32A21A691E479A1600DCDABA /* MainRouter.m */ = {isa = PBXFileReference; fileEncoding = 4; lastKnownFileType = sourcecode.c.objc; path = MainRouter.m; sourceTree = "<group>"; };
		32AD2B511E525B6F0031CC54 /* ObjectController.h */ = {isa = PBXFileReference; fileEncoding = 4; lastKnownFileType = sourcecode.c.h; path = ObjectController.h; sourceTree = "<group>"; };
		32AD2B521E525B6F0031CC54 /* ObjectController.m */ = {isa = PBXFileReference; fileEncoding = 4; lastKnownFileType = sourcecode.c.objc; path = ObjectController.m; sourceTree = "<group>"; };
		32AD2B531E525B6F0031CC54 /* ObjectController.xib */ = {isa = PBXFileReference; fileEncoding = 4; lastKnownFileType = file.xib; path = ObjectController.xib; sourceTree = "<group>"; };
		32AD2B5B1E525BDF0031CC54 /* ObjectControllerInputProtocol.h */ = {isa = PBXFileReference; fileEncoding = 4; lastKnownFileType = sourcecode.c.h; path = ObjectControllerInputProtocol.h; sourceTree = "<group>"; };
		32AD2B5C1E525BF80031CC54 /* ObjectControllerOutputProtocol.h */ = {isa = PBXFileReference; fileEncoding = 4; lastKnownFileType = sourcecode.c.h; path = ObjectControllerOutputProtocol.h; sourceTree = "<group>"; };
		32AD2B5D1E525C160031CC54 /* ObjectInteractorInputProtocol.h */ = {isa = PBXFileReference; fileEncoding = 4; lastKnownFileType = sourcecode.c.h; path = ObjectInteractorInputProtocol.h; sourceTree = "<group>"; };
		32AD2B5E1E525C280031CC54 /* ObjectInteractorOutputProtocol.h */ = {isa = PBXFileReference; fileEncoding = 4; lastKnownFileType = sourcecode.c.h; path = ObjectInteractorOutputProtocol.h; sourceTree = "<group>"; };
		32AD2B5F1E525C420031CC54 /* ObjectPresenter.h */ = {isa = PBXFileReference; fileEncoding = 4; lastKnownFileType = sourcecode.c.h; path = ObjectPresenter.h; sourceTree = "<group>"; };
		32AD2B601E525C420031CC54 /* ObjectPresenter.m */ = {isa = PBXFileReference; fileEncoding = 4; lastKnownFileType = sourcecode.c.objc; path = ObjectPresenter.m; sourceTree = "<group>"; };
		32AD2B621E525C590031CC54 /* ObjectInteractor.h */ = {isa = PBXFileReference; fileEncoding = 4; lastKnownFileType = sourcecode.c.h; path = ObjectInteractor.h; sourceTree = "<group>"; };
		32AD2B631E525C590031CC54 /* ObjectInteractor.m */ = {isa = PBXFileReference; fileEncoding = 4; lastKnownFileType = sourcecode.c.objc; path = ObjectInteractor.m; sourceTree = "<group>"; };
		3EB0D18DAE9A1934D758FDDC /* Pods-TEST_VIPER.debug.xcconfig */ = {isa = PBXFileReference; includeInIndex = 1; lastKnownFileType = text.xcconfig; name = "Pods-TEST_VIPER.debug.xcconfig"; path = "Pods/Target Support Files/Pods-TEST_VIPER/Pods-TEST_VIPER.debug.xcconfig"; sourceTree = "<group>"; };
		759EABCB1E57004F00D3EE9F /* MainAssembly.h */ = {isa = PBXFileReference; fileEncoding = 4; lastKnownFileType = sourcecode.c.h; path = MainAssembly.h; sourceTree = "<group>"; };
		759EABCC1E57004F00D3EE9F /* MainAssembly.m */ = {isa = PBXFileReference; fileEncoding = 4; lastKnownFileType = sourcecode.c.objc; path = MainAssembly.m; sourceTree = "<group>"; };
		759EABCE1E5700CC00D3EE9F /* ObjectAssembly.h */ = {isa = PBXFileReference; fileEncoding = 4; lastKnownFileType = sourcecode.c.h; path = ObjectAssembly.h; sourceTree = "<group>"; };
		759EABCF1E5700CC00D3EE9F /* ObjectAssembly.m */ = {isa = PBXFileReference; fileEncoding = 4; lastKnownFileType = sourcecode.c.objc; path = ObjectAssembly.m; sourceTree = "<group>"; };
		E3E4AE111E2F92210B8C0073 /* libPods-TEST_VIPER.a */ = {isa = PBXFileReference; explicitFileType = archive.ar; includeInIndex = 0; path = "libPods-TEST_VIPER.a"; sourceTree = BUILT_PRODUCTS_DIR; };
/* End PBXFileReference section */

/* Begin PBXFrameworksBuildPhase section */
		32A21A2C1E47969000DCDABA /* Frameworks */ = {
			isa = PBXFrameworksBuildPhase;
			buildActionMask = 2147483647;
			files = (
				F810EC3C014E7AC885AFD442 /* libPods-TEST_VIPER.a in Frameworks */,
			);
			runOnlyForDeploymentPostprocessing = 0;
		};
/* End PBXFrameworksBuildPhase section */

/* Begin PBXGroup section */
		3220ABA01E5477D800393393 /* ObjectInfoViewModel */ = {
			isa = PBXGroup;
			children = (
				3220AB9D1E5477D400393393 /* ObjectInfoViewModel.h */,
				3220AB9E1E5477D400393393 /* ObjectInfoViewModel.m */,
			);
			name = ObjectInfoViewModel;
			sourceTree = "<group>";
		};
		3233F92E1E47D4EE0039019B /* Entites */ = {
			isa = PBXGroup;
			children = (
				3233F92F1E47D4EE0039019B /* ManagedObject */,
			);
			path = Entites;
			sourceTree = "<group>";
		};
		3233F92F1E47D4EE0039019B /* ManagedObject */ = {
			isa = PBXGroup;
			children = (
				3233F9301E47D4EE0039019B /* ManagedObject.h */,
				3233F9311E47D4EE0039019B /* ManagedObject.m */,
			);
			path = ManagedObject;
			sourceTree = "<group>";
		};
		3233F9321E47D4EE0039019B /* Services */ = {
			isa = PBXGroup;
			children = (
				3233F9331E47D4EE0039019B /* NonameService */,
			);
			path = Services;
			sourceTree = "<group>";
		};
		3233F9331E47D4EE0039019B /* NonameService */ = {
			isa = PBXGroup;
			children = (
				3233F9341E47D4EE0039019B /* NonameService.h */,
				3233F9351E47D4EE0039019B /* NonameService.m */,
			);
			path = NonameService;
			sourceTree = "<group>";
		};
		3233F9361E47D4EE0039019B /* ViewModels */ = {
			isa = PBXGroup;
			children = (
				3233F9371E47D4EE0039019B /* ObjectViewModel */,
				3220ABA01E5477D800393393 /* ObjectInfoViewModel */,
			);
			path = ViewModels;
			sourceTree = "<group>";
		};
		3233F9371E47D4EE0039019B /* ObjectViewModel */ = {
			isa = PBXGroup;
			children = (
				3233F9381E47D4EE0039019B /* ObjectViewModel.h */,
				3233F9391E47D4EE0039019B /* ObjectViewModel.m */,
			);
			path = ObjectViewModel;
			sourceTree = "<group>";
		};
		3233F93A1E47D4EE0039019B /* Views */ = {
			isa = PBXGroup;
			children = (
				3233F93B1E47D4EE0039019B /* Cells */,
			);
			path = Views;
			sourceTree = "<group>";
		};
		3233F93B1E47D4EE0039019B /* Cells */ = {
			isa = PBXGroup;
			children = (
				3233F93C1E47D4EE0039019B /* ObjectTableViewCell */,
			);
			path = Cells;
			sourceTree = "<group>";
		};
		3233F93C1E47D4EE0039019B /* ObjectTableViewCell */ = {
			isa = PBXGroup;
			children = (
				3233F93D1E47D4EE0039019B /* ObjectTableViewCell.h */,
				3233F93E1E47D4EE0039019B /* ObjectTableViewCell.m */,
				3233F93F1E47D4EE0039019B /* ObjectTableViewCell.xib */,
			);
			path = ObjectTableViewCell;
			sourceTree = "<group>";
		};
		3233F9481E47D5580039019B /* Storages */ = {
			isa = PBXGroup;
			children = (
				3233F9491E47D5580039019B /* ManagedObjectStorage */,
			);
			path = Storages;
			sourceTree = "<group>";
		};
		3233F9491E47D5580039019B /* ManagedObjectStorage */ = {
			isa = PBXGroup;
			children = (
				3233F94A1E47D5580039019B /* ManagedObjectStorage.h */,
				3233F94B1E47D5580039019B /* ManagedObjectStorage.m */,
			);
			path = ManagedObjectStorage;
			sourceTree = "<group>";
		};
		3293F277726F60BE4A4AC5D8 /* Frameworks */ = {
			isa = PBXGroup;
			children = (
				E3E4AE111E2F92210B8C0073 /* libPods-TEST_VIPER.a */,
			);
			name = Frameworks;
			sourceTree = "<group>";
		};
		32A21A261E47969000DCDABA = {
			isa = PBXGroup;
			children = (
				32A21A311E47969100DCDABA /* TEST_VIPER */,
				32A21A301E47969100DCDABA /* Products */,
				D5E34A3FC98D1BD8F7FB3196 /* Pods */,
				3293F277726F60BE4A4AC5D8 /* Frameworks */,
			);
			sourceTree = "<group>";
		};
		32A21A301E47969100DCDABA /* Products */ = {
			isa = PBXGroup;
			children = (
				32A21A2F1E47969100DCDABA /* TEST_VIPER.app */,
			);
			name = Products;
			sourceTree = "<group>";
		};
		32A21A311E47969100DCDABA /* TEST_VIPER */ = {
			isa = PBXGroup;
			children = (
				32A21A351E47969100DCDABA /* AppDelegate.h */,
				32A21A361E47969100DCDABA /* AppDelegate.m */,
				32A21A501E4797AF00DCDABA /* Classes */,
				32A21A321E47969100DCDABA /* Supporting Files */,
			);
			path = TEST_VIPER;
			sourceTree = "<group>";
		};
		32A21A321E47969100DCDABA /* Supporting Files */ = {
			isa = PBXGroup;
			children = (
				32A21A3E1E47969100DCDABA /* Assets.xcassets */,
				32A21A401E47969100DCDABA /* LaunchScreen.storyboard */,
				32A21A431E47969100DCDABA /* Info.plist */,
				32A21A331E47969100DCDABA /* main.m */,
			);
			name = "Supporting Files";
			sourceTree = "<group>";
		};
		32A21A501E4797AF00DCDABA /* Classes */ = {
			isa = PBXGroup;
			children = (
				32A21A511E4797AF00DCDABA /* Modules */,
				3233F9321E47D4EE0039019B /* Services */,
				3233F9481E47D5580039019B /* Storages */,
				3233F92E1E47D4EE0039019B /* Entites */,
				3233F9361E47D4EE0039019B /* ViewModels */,
				3233F93A1E47D4EE0039019B /* Views */,
			);
			path = Classes;
			sourceTree = "<group>";
		};
		32A21A511E4797AF00DCDABA /* Modules */ = {
			isa = PBXGroup;
			children = (
				32A21A521E4797AF00DCDABA /* MainModule */,
				32AD2B501E525B6F0031CC54 /* ObjectModule */,
			);
			path = Modules;
			sourceTree = "<group>";
		};
		32A21A521E4797AF00DCDABA /* MainModule */ = {
			isa = PBXGroup;
			children = (
				759EABC91E56FFFB00D3EE9F /* MainAssembly */,
				32A21A5C1E47995F00DCDABA /* Protocols */,
				32A21A531E4797AF00DCDABA /* MainController.h */,
				32A21A541E4797AF00DCDABA /* MainController.m */,
				32A21A551E4797AF00DCDABA /* MainController.xib */,
				32A21A621E4799F400DCDABA /* MainPresenter.h */,
				32A21A631E4799F400DCDABA /* MainPresenter.m */,
				32A21A651E479A0500DCDABA /* MainInteractor.h */,
				32A21A661E479A0500DCDABA /* MainInteractor.m */,
				32A21A681E479A1600DCDABA /* MainRouter.h */,
				32A21A691E479A1600DCDABA /* MainRouter.m */,
			);
			path = MainModule;
			sourceTree = "<group>";
		};
		32A21A5C1E47995F00DCDABA /* Protocols */ = {
			isa = PBXGroup;
			children = (
				32A21A5D1E47995F00DCDABA /* MainControllerInputProtocol.h */,
				32A21A5E1E47997B00DCDABA /* MainControllerOutputProtocol.h */,
				32A21A5F1E47999A00DCDABA /* MainInteractorInputProtocol.h */,
				32A21A601E4799AF00DCDABA /* MainInteractorOutputProtocol.h */,
				32A21A611E4799C200DCDABA /* MainRouterInputProtocol.h */,
			);
			path = Protocols;
			sourceTree = "<group>";
		};
		32AD2B501E525B6F0031CC54 /* ObjectModule */ = {
			isa = PBXGroup;
			children = (
				759EABCA1E57001400D3EE9F /* ObjectAssembly */,
				32AD2B5A1E525BDF0031CC54 /* Protocols */,
				32AD2B511E525B6F0031CC54 /* ObjectController.h */,
				32AD2B521E525B6F0031CC54 /* ObjectController.m */,
				32AD2B531E525B6F0031CC54 /* ObjectController.xib */,
				32AD2B5F1E525C420031CC54 /* ObjectPresenter.h */,
				32AD2B601E525C420031CC54 /* ObjectPresenter.m */,
				32AD2B621E525C590031CC54 /* ObjectInteractor.h */,
				32AD2B631E525C590031CC54 /* ObjectInteractor.m */,
			);
			path = ObjectModule;
			sourceTree = "<group>";
		};
		32AD2B5A1E525BDF0031CC54 /* Protocols */ = {
			isa = PBXGroup;
			children = (
				32AD2B5B1E525BDF0031CC54 /* ObjectControllerInputProtocol.h */,
				32AD2B5C1E525BF80031CC54 /* ObjectControllerOutputProtocol.h */,
				32AD2B5D1E525C160031CC54 /* ObjectInteractorInputProtocol.h */,
				32AD2B5E1E525C280031CC54 /* ObjectInteractorOutputProtocol.h */,
			);
			path = Protocols;
			sourceTree = "<group>";
		};
		759EABC91E56FFFB00D3EE9F /* MainAssembly */ = {
			isa = PBXGroup;
			children = (
				759EABCB1E57004F00D3EE9F /* MainAssembly.h */,
				759EABCC1E57004F00D3EE9F /* MainAssembly.m */,
			);
			path = MainAssembly;
			sourceTree = "<group>";
		};
		759EABCA1E57001400D3EE9F /* ObjectAssembly */ = {
			isa = PBXGroup;
			children = (
				759EABCE1E5700CC00D3EE9F /* ObjectAssembly.h */,
				759EABCF1E5700CC00D3EE9F /* ObjectAssembly.m */,
			);
			path = ObjectAssembly;
			sourceTree = "<group>";
		};
		D5E34A3FC98D1BD8F7FB3196 /* Pods */ = {
			isa = PBXGroup;
			children = (
				3EB0D18DAE9A1934D758FDDC /* Pods-TEST_VIPER.debug.xcconfig */,
				1FC4A0F22B9E674F8A256F52 /* Pods-TEST_VIPER.release.xcconfig */,
			);
			name = Pods;
			sourceTree = "<group>";
		};
/* End PBXGroup section */

/* Begin PBXNativeTarget section */
		32A21A2E1E47969000DCDABA /* TEST_VIPER */ = {
			isa = PBXNativeTarget;
			buildConfigurationList = 32A21A461E47969100DCDABA /* Build configuration list for PBXNativeTarget "TEST_VIPER" */;
			buildPhases = (
				9D6768DA8042EA68350C8817 /* [CP] Check Pods Manifest.lock */,
				32A21A2B1E47969000DCDABA /* Sources */,
				32A21A2C1E47969000DCDABA /* Frameworks */,
				32A21A2D1E47969000DCDABA /* Resources */,
				369DCFF1D1304A28E64FC51D /* [CP] Embed Pods Frameworks */,
				C7BB5627CA268E89D247BD83 /* [CP] Copy Pods Resources */,
			);
			buildRules = (
			);
			dependencies = (
			);
			name = TEST_VIPER;
			productName = TEST_VIPER;
			productReference = 32A21A2F1E47969100DCDABA /* TEST_VIPER.app */;
			productType = "com.apple.product-type.application";
		};
/* End PBXNativeTarget section */

/* Begin PBXProject section */
		32A21A271E47969000DCDABA /* Project object */ = {
			isa = PBXProject;
			attributes = {
				LastUpgradeCheck = 0820;
				ORGANIZATIONNAME = "Dmitriy Baklanov";
				TargetAttributes = {
					32A21A2E1E47969000DCDABA = {
						CreatedOnToolsVersion = 8.2.1;
						DevelopmentTeam = XSPQS9H3SF;
						ProvisioningStyle = Manual;
					};
				};
			};
			buildConfigurationList = 32A21A2A1E47969000DCDABA /* Build configuration list for PBXProject "TEST_VIPER" */;
			compatibilityVersion = "Xcode 3.2";
			developmentRegion = English;
			hasScannedForEncodings = 0;
			knownRegions = (
				en,
				Base,
			);
			mainGroup = 32A21A261E47969000DCDABA;
			productRefGroup = 32A21A301E47969100DCDABA /* Products */;
			projectDirPath = "";
			projectRoot = "";
			targets = (
				32A21A2E1E47969000DCDABA /* TEST_VIPER */,
			);
		};
/* End PBXProject section */

/* Begin PBXResourcesBuildPhase section */
		32A21A2D1E47969000DCDABA /* Resources */ = {
			isa = PBXResourcesBuildPhase;
			buildActionMask = 2147483647;
			files = (
				32A21A421E47969100DCDABA /* LaunchScreen.storyboard in Resources */,
				32A21A3F1E47969100DCDABA /* Assets.xcassets in Resources */,
				3233F9441E47D4EE0039019B /* ObjectTableViewCell.xib in Resources */,
				32A21A571E4797AF00DCDABA /* MainController.xib in Resources */,
				32AD2B551E525B6F0031CC54 /* ObjectController.xib in Resources */,
			);
			runOnlyForDeploymentPostprocessing = 0;
		};
/* End PBXResourcesBuildPhase section */

/* Begin PBXShellScriptBuildPhase section */
		369DCFF1D1304A28E64FC51D /* [CP] Embed Pods Frameworks */ = {
			isa = PBXShellScriptBuildPhase;
			buildActionMask = 2147483647;
			files = (
			);
			inputPaths = (
			);
			name = "[CP] Embed Pods Frameworks";
			outputPaths = (
			);
			runOnlyForDeploymentPostprocessing = 0;
			shellPath = /bin/sh;
			shellScript = "\"${SRCROOT}/Pods/Target Support Files/Pods-TEST_VIPER/Pods-TEST_VIPER-frameworks.sh\"\n";
			showEnvVarsInLog = 0;
		};
		9D6768DA8042EA68350C8817 /* [CP] Check Pods Manifest.lock */ = {
			isa = PBXShellScriptBuildPhase;
			buildActionMask = 2147483647;
			files = (
			);
			inputPaths = (
			);
			name = "[CP] Check Pods Manifest.lock";
			outputPaths = (
			);
			runOnlyForDeploymentPostprocessing = 0;
			shellPath = /bin/sh;
			shellScript = "diff \"${PODS_ROOT}/../Podfile.lock\" \"${PODS_ROOT}/Manifest.lock\" > /dev/null\nif [[ $? != 0 ]] ; then\n    cat << EOM\nerror: The sandbox is not in sync with the Podfile.lock. Run 'pod install' or update your CocoaPods installation.\nEOM\n    exit 1\nfi\n";
			showEnvVarsInLog = 0;
		};
		C7BB5627CA268E89D247BD83 /* [CP] Copy Pods Resources */ = {
			isa = PBXShellScriptBuildPhase;
			buildActionMask = 2147483647;
			files = (
			);
			inputPaths = (
			);
			name = "[CP] Copy Pods Resources";
			outputPaths = (
			);
			runOnlyForDeploymentPostprocessing = 0;
			shellPath = /bin/sh;
			shellScript = "\"${SRCROOT}/Pods/Target Support Files/Pods-TEST_VIPER/Pods-TEST_VIPER-resources.sh\"\n";
			showEnvVarsInLog = 0;
		};
/* End PBXShellScriptBuildPhase section */

/* Begin PBXSourcesBuildPhase section */
		32A21A2B1E47969000DCDABA /* Sources */ = {
			isa = PBXSourcesBuildPhase;
			buildActionMask = 2147483647;
			files = (
				32A21A371E47969100DCDABA /* AppDelegate.m in Sources */,
				759EABD01E5700CC00D3EE9F /* ObjectAssembly.m in Sources */,
				32AD2B541E525B6F0031CC54 /* ObjectController.m in Sources */,
				3233F9431E47D4EE0039019B /* ObjectTableViewCell.m in Sources */,
				32A21A561E4797AF00DCDABA /* MainController.m in Sources */,
				32A21A6A1E479A1600DCDABA /* MainRouter.m in Sources */,
				32A21A341E47969100DCDABA /* main.m in Sources */,
				32A21A671E479A0500DCDABA /* MainInteractor.m in Sources */,
				32AD2B611E525C420031CC54 /* ObjectPresenter.m in Sources */,
				3233F9411E47D4EE0039019B /* NonameService.m in Sources */,
				3233F9401E47D4EE0039019B /* ManagedObject.m in Sources */,
				32A21A641E4799F400DCDABA /* MainPresenter.m in Sources */,
				3233F94C1E47D5580039019B /* ManagedObjectStorage.m in Sources */,
				3220AB9F1E5477D400393393 /* ObjectInfoViewModel.m in Sources */,
				3233F9421E47D4EE0039019B /* ObjectViewModel.m in Sources */,
				759EABCD1E57004F00D3EE9F /* MainAssembly.m in Sources */,
				32AD2B641E525C590031CC54 /* ObjectInteractor.m in Sources */,
			);
			runOnlyForDeploymentPostprocessing = 0;
		};
/* End PBXSourcesBuildPhase section */

/* Begin PBXVariantGroup section */
		32A21A401E47969100DCDABA /* LaunchScreen.storyboard */ = {
			isa = PBXVariantGroup;
			children = (
				32A21A411E47969100DCDABA /* Base */,
			);
			name = LaunchScreen.storyboard;
			sourceTree = "<group>";
		};
/* End PBXVariantGroup section */

/* Begin XCBuildConfiguration section */
		32A21A441E47969100DCDABA /* Debug */ = {
			isa = XCBuildConfiguration;
			buildSettings = {
				ALWAYS_SEARCH_USER_PATHS = NO;
				CLANG_ANALYZER_NONNULL = YES;
				CLANG_CXX_LANGUAGE_STANDARD = "gnu++0x";
				CLANG_CXX_LIBRARY = "libc++";
				CLANG_ENABLE_MODULES = YES;
				CLANG_ENABLE_OBJC_ARC = YES;
				CLANG_WARN_BOOL_CONVERSION = YES;
				CLANG_WARN_CONSTANT_CONVERSION = YES;
				CLANG_WARN_DIRECT_OBJC_ISA_USAGE = YES_ERROR;
				CLANG_WARN_DOCUMENTATION_COMMENTS = YES;
				CLANG_WARN_EMPTY_BODY = YES;
				CLANG_WARN_ENUM_CONVERSION = YES;
				CLANG_WARN_INFINITE_RECURSION = YES;
				CLANG_WARN_INT_CONVERSION = YES;
				CLANG_WARN_OBJC_ROOT_CLASS = YES_ERROR;
				CLANG_WARN_SUSPICIOUS_MOVE = YES;
				CLANG_WARN_UNREACHABLE_CODE = YES;
				CLANG_WARN__DUPLICATE_METHOD_MATCH = YES;
				"CODE_SIGN_IDENTITY[sdk=iphoneos*]" = "iPhone Developer";
				COPY_PHASE_STRIP = NO;
				DEBUG_INFORMATION_FORMAT = dwarf;
				ENABLE_STRICT_OBJC_MSGSEND = YES;
				ENABLE_TESTABILITY = YES;
				GCC_C_LANGUAGE_STANDARD = gnu99;
				GCC_DYNAMIC_NO_PIC = NO;
				GCC_NO_COMMON_BLOCKS = YES;
				GCC_OPTIMIZATION_LEVEL = 0;
				GCC_PREPROCESSOR_DEFINITIONS = (
					"DEBUG=1",
					"$(inherited)",
				);
				GCC_WARN_64_TO_32_BIT_CONVERSION = YES;
				GCC_WARN_ABOUT_RETURN_TYPE = YES_ERROR;
				GCC_WARN_UNDECLARED_SELECTOR = YES;
				GCC_WARN_UNINITIALIZED_AUTOS = YES_AGGRESSIVE;
				GCC_WARN_UNUSED_FUNCTION = YES;
				GCC_WARN_UNUSED_VARIABLE = YES;
				IPHONEOS_DEPLOYMENT_TARGET = 10.2;
				MTL_ENABLE_DEBUG_INFO = YES;
				ONLY_ACTIVE_ARCH = YES;
				SDKROOT = iphoneos;
			};
			name = Debug;
		};
		32A21A451E47969100DCDABA /* Release */ = {
			isa = XCBuildConfiguration;
			buildSettings = {
				ALWAYS_SEARCH_USER_PATHS = NO;
				CLANG_ANALYZER_NONNULL = YES;
				CLANG_CXX_LANGUAGE_STANDARD = "gnu++0x";
				CLANG_CXX_LIBRARY = "libc++";
				CLANG_ENABLE_MODULES = YES;
				CLANG_ENABLE_OBJC_ARC = YES;
				CLANG_WARN_BOOL_CONVERSION = YES;
				CLANG_WARN_CONSTANT_CONVERSION = YES;
				CLANG_WARN_DIRECT_OBJC_ISA_USAGE = YES_ERROR;
				CLANG_WARN_DOCUMENTATION_COMMENTS = YES;
				CLANG_WARN_EMPTY_BODY = YES;
				CLANG_WARN_ENUM_CONVERSION = YES;
				CLANG_WARN_INFINITE_RECURSION = YES;
				CLANG_WARN_INT_CONVERSION = YES;
				CLANG_WARN_OBJC_ROOT_CLASS = YES_ERROR;
				CLANG_WARN_SUSPICIOUS_MOVE = YES;
				CLANG_WARN_UNREACHABLE_CODE = YES;
				CLANG_WARN__DUPLICATE_METHOD_MATCH = YES;
				"CODE_SIGN_IDENTITY[sdk=iphoneos*]" = "iPhone Developer";
				COPY_PHASE_STRIP = NO;
				DEBUG_INFORMATION_FORMAT = "dwarf-with-dsym";
				ENABLE_NS_ASSERTIONS = NO;
				ENABLE_STRICT_OBJC_MSGSEND = YES;
				GCC_C_LANGUAGE_STANDARD = gnu99;
				GCC_NO_COMMON_BLOCKS = YES;
				GCC_WARN_64_TO_32_BIT_CONVERSION = YES;
				GCC_WARN_ABOUT_RETURN_TYPE = YES_ERROR;
				GCC_WARN_UNDECLARED_SELECTOR = YES;
				GCC_WARN_UNINITIALIZED_AUTOS = YES_AGGRESSIVE;
				GCC_WARN_UNUSED_FUNCTION = YES;
				GCC_WARN_UNUSED_VARIABLE = YES;
				IPHONEOS_DEPLOYMENT_TARGET = 10.2;
				MTL_ENABLE_DEBUG_INFO = NO;
				SDKROOT = iphoneos;
				VALIDATE_PRODUCT = YES;
			};
			name = Release;
		};
		32A21A471E47969100DCDABA /* Debug */ = {
			isa = XCBuildConfiguration;
			baseConfigurationReference = 3EB0D18DAE9A1934D758FDDC /* Pods-TEST_VIPER.debug.xcconfig */;
			buildSettings = {
				ASSETCATALOG_COMPILER_APPICON_NAME = AppIcon;
				DEVELOPMENT_TEAM = XSPQS9H3SF;
				INFOPLIST_FILE = TEST_VIPER/Info.plist;
				LD_RUNPATH_SEARCH_PATHS = "$(inherited) @executable_path/Frameworks";
				PRODUCT_BUNDLE_IDENTIFIER = "com.dmitriy.baklanov.TEST-VIPER";
				PRODUCT_NAME = "$(TARGET_NAME)";
				PROVISIONING_PROFILE = "ef1fec86-f826-4a30-ac10-dc31f197b36f";
				PROVISIONING_PROFILE_SPECIFIER = arturDev;
			};
			name = Debug;
		};
		32A21A481E47969100DCDABA /* Release */ = {
			isa = XCBuildConfiguration;
			baseConfigurationReference = 1FC4A0F22B9E674F8A256F52 /* Pods-TEST_VIPER.release.xcconfig */;
			buildSettings = {
				ASSETCATALOG_COMPILER_APPICON_NAME = AppIcon;
				DEVELOPMENT_TEAM = "";
				INFOPLIST_FILE = TEST_VIPER/Info.plist;
				LD_RUNPATH_SEARCH_PATHS = "$(inherited) @executable_path/Frameworks";
				PRODUCT_BUNDLE_IDENTIFIER = "com.dmitriy.baklanov.TEST-VIPER";
				PRODUCT_NAME = "$(TARGET_NAME)";
			};
			name = Release;
		};
/* End XCBuildConfiguration section */

/* Begin XCConfigurationList section */
		32A21A2A1E47969000DCDABA /* Build configuration list for PBXProject "TEST_VIPER" */ = {
			isa = XCConfigurationList;
			buildConfigurations = (
				32A21A441E47969100DCDABA /* Debug */,
				32A21A451E47969100DCDABA /* Release */,
			);
			defaultConfigurationIsVisible = 0;
			defaultConfigurationName = Release;
		};
		32A21A461E47969100DCDABA /* Build configuration list for PBXNativeTarget "TEST_VIPER" */ = {
			isa = XCConfigurationList;
			buildConfigurations = (
				32A21A471E47969100DCDABA /* Debug */,
				32A21A481E47969100DCDABA /* Release */,
			);
			defaultConfigurationIsVisible = 0;
			defaultConfigurationName = Release;
		};
/* End XCConfigurationList section */
	};
	rootObject = 32A21A271E47969000DCDABA /* Project object */;
}
